
Microsoft Visual Studio Solution File, Format Version 12.00
# Visual Studio Version 16
VisualStudioVersion = 16.0.29411.108
MinimumVisualStudioVersion = 10.0.40219.1
Project("{FAE04EC0-301F-11D3-BF4B-00C04F79EFBC}") = "AjaxHelpers.NetMVC", "AjaxHelpers.NetMVC\AjaxHelpers.NetMVC.csproj", "{9FF86C21-18D1-44A8-BC13-9626D39C1F49}"
EndProject
Global
	GlobalSection(SolutionConfigurationPlatforms) = preSolution
		Debug|Any CPU = Debug|Any CPU
		Release|Any CPU = Release|Any CPU
	EndGlobalSection
	GlobalSection(ProjectConfigurationPlatforms) = postSolution
		{9FF86C21-18D1-44A8-BC13-9626D39C1F49}.Debug|Any CPU.ActiveCfg = Debug|Any CPU
		{9FF86C21-18D1-44A8-BC13-9626D39C1F49}.Debug|Any CPU.Build.0 = Debug|Any CPU
		{9FF86C21-18D1-44A8-BC13-9626D39C1F49}.Release|Any CPU.ActiveCfg = Release|Any CPU
		{9FF86C21-18D1-44A8-BC13-9626D39C1F49}.Release|Any CPU.Build.0 = Release|Any CPU
	EndGlobalSection
	GlobalSection(SolutionProperties) = preSolution
		HideSolutionNode = FALSE
	EndGlobalSection
	GlobalSection(ExtensibilityGlobals) = postSolution
		SolutionGuid = {C2D2DB69-E228-4D99-8CBA-7F1AED13D7F1}
	EndGlobalSection
EndGlobal
